{
  "name": "trivy-old-vuln-test",
  "version": "1.0.0",
  "lockfileVersion": 2,
  "requires": true,
  "packages": {
    "": {
      "dependencies": {
        "lodash": "4.17.15",
        "axios": "0.21.0",
        "minimist": "0.0.8"
      }
    },
    "node_modules/lodash": {
      "version": "4.17.15"
    },
    "node_modules/axios": {
      "version": "0.21.0"
    },
    "node_modules/minimist": {
      "version": "0.0.8"
    }
  },
  "dependencies": {
    "lodash": {
      "version": "4.17.15"
    },
    "axios": {
      "version": "0.21.0"
    },
    "minimist": {
      "version": "0.0.8"
    }
  }
}
