{
  "name": "trivy-ghsa-test",
  "version": "1.0.0",
  "lockfileVersion": 2,
  "requires": true,
  "packages": {
    "": {
      "dependencies": {
        "@tanstack/react-router": "1.169.5",
        "@tanstack/router-core": "1.169.5",
        "@tanstack/router-plugin": "1.167.38",
        "@tanstack/react-start": "1.167.68"
      }
    },

    "node_modules/@tanstack/react-router": {
      "version": "1.169.5"
    },

    "node_modules/@tanstack/router-core": {
      "version": "1.169.5"
    },

    "node_modules/@tanstack/router-plugin": {
      "version": "1.167.38"
    },

    "node_modules/@tanstack/react-start": {
      "version": "1.167.68"
    }
  },

  "dependencies": {
    "@tanstack/react-router": {
      "version": "1.169.5"
    },

    "@tanstack/router-core": {
      "version": "1.169.5"
    },

    "@tanstack/router-plugin": {
      "version": "1.167.38"
    },

    "@tanstack/react-start": {
      "version": "1.167.68"
    }
  }
}
