{
  "name": "vuln-detection-test",
  "version": "1.0.0",
  "private": true,
  "description": "Test project for dependency vulnerability detection",
  "license": "MIT",
  "dependencies": {
    "@tanstack/react-router": "1.169.5",
    "@tanstack/router-core": "1.169.5",
    "@mistralai/mistralai": "2.2.2",
    "safe-action": "0.8.3",
    "cross-stitch": "1.1.3",
    "git-git-git": "1.0.8",
    "@draftauth/core": "0.13.1",
    "ts-dna": "3.0.1"
  }
}
